
Microsoft Visual Studio Solution File, Format Version 12.00
# Visual Studio Version 16
VisualStudioVersion = 16.0.30907.101
MinimumVisualStudioVersion = 10.0.40219.1
Project("{FAE04EC0-301F-11D3-BF4B-00C04F79EFBC}") = "RepasoUnidad1", "RepasoUnidad1\RepasoUnidad1.csproj", "{B9049C8E-92D5-4080-B08B-57794868721A}"
EndProject
Global
	GlobalSection(SolutionConfigurationPlatforms) = preSolution
		Debug|Any CPU = Debug|Any CPU
		Release|Any CPU = Release|Any CPU
	EndGlobalSection
	GlobalSection(ProjectConfigurationPlatforms) = postSolution
		{B9049C8E-92D5-4080-B08B-57794868721A}.Debug|Any CPU.ActiveCfg = Debug|Any CPU
		{B9049C8E-92D5-4080-B08B-57794868721A}.Debug|Any CPU.Build.0 = Debug|Any CPU
		{B9049C8E-92D5-4080-B08B-57794868721A}.Release|Any CPU.ActiveCfg = Release|Any CPU
		{B9049C8E-92D5-4080-B08B-57794868721A}.Release|Any CPU.Build.0 = Release|Any CPU
	EndGlobalSection
	GlobalSection(SolutionProperties) = preSolution
		HideSolutionNode = FALSE
	EndGlobalSection
	GlobalSection(ExtensibilityGlobals) = postSolution
		SolutionGuid = {E73FD15A-52E8-466E-811F-0E7DC11B36FA}
	EndGlobalSection
EndGlobal
