
Microsoft Visual Studio Solution File, Format Version 12.00
# Visual Studio Version 16
VisualStudioVersion = 16.0.30907.101
MinimumVisualStudioVersion = 10.0.40219.1
Project("{9A19103F-16F7-4668-BE54-9A1E7A4F7556}") = "Actividad 3", "Actividad 3\Actividad 3.csproj", "{95112CEE-EE68-4B83-8518-FC61E5C82980}"
EndProject
Project("{9A19103F-16F7-4668-BE54-9A1E7A4F7556}") = "Actividad 2", "Actividad 2\Actividad 2.csproj", "{F557644A-32C5-4C6C-9476-D730A71DFEA4}"
EndProject
Project("{9A19103F-16F7-4668-BE54-9A1E7A4F7556}") = "Actividad 4", "Actividad 4\Actividad 4.csproj", "{7AF00912-F1AF-4462-AF4A-E9563C8C6FF7}"
EndProject
Project("{9A19103F-16F7-4668-BE54-9A1E7A4F7556}") = "Actividad 5", "Actividad 5\Actividad 5.csproj", "{F7CE1E55-1971-449B-A353-75B47AED4B65}"
EndProject
Project("{9A19103F-16F7-4668-BE54-9A1E7A4F7556}") = "Actividad 6", "Actividad 6\Actividad 6.csproj", "{B626BB90-289B-4276-A5CD-7EF90ABB3C7B}"
EndProject
Project("{9A19103F-16F7-4668-BE54-9A1E7A4F7556}") = "Actividad 7", "Actividad 7\Actividad 7.csproj", "{FC6968BD-B56B-49C8-B370-21860703BFC2}"
EndProject
Project("{9A19103F-16F7-4668-BE54-9A1E7A4F7556}") = "Unidad 2 actividad 1", "Unidad 2 actividad 1\Unidad 2 actividad 1.csproj", "{5D3867CD-DCE2-4BA1-8834-0D963E573A23}"
EndProject
Project("{2150E333-8FDC-42A3-9474-1A3956D46DE8}") = "Unidad2", "Unidad2", "{1B2322D0-FD3A-4C4C-B673-F954B1BBB627}"
EndProject
Project("{2150E333-8FDC-42A3-9474-1A3956D46DE8}") = "Unidad1", "Unidad1", "{0C394A7D-BCF3-48B7-BC0E-3F5694B83820}"
EndProject
Project("{9A19103F-16F7-4668-BE54-9A1E7A4F7556}") = "Proyecto-Recetario", "Proyecto-Recetario\Proyecto-Recetario.csproj", "{DBD078C7-D7C7-4F01-8614-1C3219938327}"
EndProject
Project("{2150E333-8FDC-42A3-9474-1A3956D46DE8}") = "Unidad3", "Unidad3", "{317A6CEC-C355-4187-937C-E7A95AFBA7E7}"
EndProject
Project("{FAE04EC0-301F-11D3-BF4B-00C04F79EFBC}") = "ProyectoJardineria191G0243.Android", "ProyectoJardineria191G0243\ProyectoJardineria191G0243.Android\ProyectoJardineria191G0243.Android.csproj", "{F5304708-15AD-4855-806D-C1EF75F51723}"
EndProject
Project("{9A19103F-16F7-4668-BE54-9A1E7A4F7556}") = "ProyectoJardineria191G0243", "ProyectoJardineria191G0243\ProyectoJardineria191G0243\ProyectoJardineria191G0243.csproj", "{A9645C5A-DEFD-41F0-BA70-3E377D1BD55B}"
EndProject
Project("{2150E333-8FDC-42A3-9474-1A3956D46DE8}") = "Unidad 4", "Unidad 4", "{0C2F7F96-0E30-4334-B9E3-A339990FBC7D}"
EndProject
Project("{9A19103F-16F7-4668-BE54-9A1E7A4F7556}") = "Proyecto2Agenda", "Proyecto2Agenda\Proyecto2Agenda.csproj", "{83BCC6E2-1077-42ED-81DA-F0A7880E4AC1}"
EndProject
Project("{FAE04EC0-301F-11D3-BF4B-00C04F79EFBC}") = "Proyecto1Arterial.Android", "Proyecto1Arterial\Proyecto1Arterial.Android\Proyecto1Arterial.Android.csproj", "{D6B02C66-32D6-49E3-BB97-71F88C4CEE9E}"
EndProject
Project("{9A19103F-16F7-4668-BE54-9A1E7A4F7556}") = "Proyecto1Arterial", "Proyecto1Arterial\Proyecto1Arterial\Proyecto1Arterial.csproj", "{772F38A1-FA26-4E68-AC01-DA38E7803925}"
EndProject
Global
	GlobalSection(SolutionConfigurationPlatforms) = preSolution
		Debug|Any CPU = Debug|Any CPU
		Release|Any CPU = Release|Any CPU
	EndGlobalSection
	GlobalSection(ProjectConfigurationPlatforms) = postSolution
		{95112CEE-EE68-4B83-8518-FC61E5C82980}.Debug|Any CPU.ActiveCfg = Debug|Any CPU
		{95112CEE-EE68-4B83-8518-FC61E5C82980}.Debug|Any CPU.Build.0 = Debug|Any CPU
		{95112CEE-EE68-4B83-8518-FC61E5C82980}.Release|Any CPU.ActiveCfg = Release|Any CPU
		{95112CEE-EE68-4B83-8518-FC61E5C82980}.Release|Any CPU.Build.0 = Release|Any CPU
		{F557644A-32C5-4C6C-9476-D730A71DFEA4}.Debug|Any CPU.ActiveCfg = Debug|Any CPU
		{F557644A-32C5-4C6C-9476-D730A71DFEA4}.Debug|Any CPU.Build.0 = Debug|Any CPU
		{F557644A-32C5-4C6C-9476-D730A71DFEA4}.Release|Any CPU.ActiveCfg = Release|Any CPU
		{F557644A-32C5-4C6C-9476-D730A71DFEA4}.Release|Any CPU.Build.0 = Release|Any CPU
		{7AF00912-F1AF-4462-AF4A-E9563C8C6FF7}.Debug|Any CPU.ActiveCfg = Debug|Any CPU
		{7AF00912-F1AF-4462-AF4A-E9563C8C6FF7}.Debug|Any CPU.Build.0 = Debug|Any CPU
		{7AF00912-F1AF-4462-AF4A-E9563C8C6FF7}.Release|Any CPU.ActiveCfg = Release|Any CPU
		{7AF00912-F1AF-4462-AF4A-E9563C8C6FF7}.Release|Any CPU.Build.0 = Release|Any CPU
		{F7CE1E55-1971-449B-A353-75B47AED4B65}.Debug|Any CPU.ActiveCfg = Debug|Any CPU
		{F7CE1E55-1971-449B-A353-75B47AED4B65}.Debug|Any CPU.Build.0 = Debug|Any CPU
		{F7CE1E55-1971-449B-A353-75B47AED4B65}.Release|Any CPU.ActiveCfg = Release|Any CPU
		{F7CE1E55-1971-449B-A353-75B47AED4B65}.Release|Any CPU.Build.0 = Release|Any CPU
		{B626BB90-289B-4276-A5CD-7EF90ABB3C7B}.Debug|Any CPU.ActiveCfg = Debug|Any CPU
		{B626BB90-289B-4276-A5CD-7EF90ABB3C7B}.Debug|Any CPU.Build.0 = Debug|Any CPU
		{B626BB90-289B-4276-A5CD-7EF90ABB3C7B}.Release|Any CPU.ActiveCfg = Release|Any CPU
		{B626BB90-289B-4276-A5CD-7EF90ABB3C7B}.Release|Any CPU.Build.0 = Release|Any CPU
		{FC6968BD-B56B-49C8-B370-21860703BFC2}.Debug|Any CPU.ActiveCfg = Debug|Any CPU
		{FC6968BD-B56B-49C8-B370-21860703BFC2}.Debug|Any CPU.Build.0 = Debug|Any CPU
		{FC6968BD-B56B-49C8-B370-21860703BFC2}.Release|Any CPU.ActiveCfg = Release|Any CPU
		{FC6968BD-B56B-49C8-B370-21860703BFC2}.Release|Any CPU.Build.0 = Release|Any CPU
		{5D3867CD-DCE2-4BA1-8834-0D963E573A23}.Debug|Any CPU.ActiveCfg = Debug|Any CPU
		{5D3867CD-DCE2-4BA1-8834-0D963E573A23}.Debug|Any CPU.Build.0 = Debug|Any CPU
		{5D3867CD-DCE2-4BA1-8834-0D963E573A23}.Release|Any CPU.ActiveCfg = Release|Any CPU
		{5D3867CD-DCE2-4BA1-8834-0D963E573A23}.Release|Any CPU.Build.0 = Release|Any CPU
		{DBD078C7-D7C7-4F01-8614-1C3219938327}.Debug|Any CPU.ActiveCfg = Debug|Any CPU
		{DBD078C7-D7C7-4F01-8614-1C3219938327}.Debug|Any CPU.Build.0 = Debug|Any CPU
		{DBD078C7-D7C7-4F01-8614-1C3219938327}.Release|Any CPU.ActiveCfg = Release|Any CPU
		{DBD078C7-D7C7-4F01-8614-1C3219938327}.Release|Any CPU.Build.0 = Release|Any CPU
		{F5304708-15AD-4855-806D-C1EF75F51723}.Debug|Any CPU.ActiveCfg = Debug|Any CPU
		{F5304708-15AD-4855-806D-C1EF75F51723}.Debug|Any CPU.Build.0 = Debug|Any CPU
		{F5304708-15AD-4855-806D-C1EF75F51723}.Debug|Any CPU.Deploy.0 = Debug|Any CPU
		{F5304708-15AD-4855-806D-C1EF75F51723}.Release|Any CPU.ActiveCfg = Release|Any CPU
		{F5304708-15AD-4855-806D-C1EF75F51723}.Release|Any CPU.Build.0 = Release|Any CPU
		{F5304708-15AD-4855-806D-C1EF75F51723}.Release|Any CPU.Deploy.0 = Release|Any CPU
		{A9645C5A-DEFD-41F0-BA70-3E377D1BD55B}.Debug|Any CPU.ActiveCfg = Debug|Any CPU
		{A9645C5A-DEFD-41F0-BA70-3E377D1BD55B}.Debug|Any CPU.Build.0 = Debug|Any CPU
		{A9645C5A-DEFD-41F0-BA70-3E377D1BD55B}.Release|Any CPU.ActiveCfg = Release|Any CPU
		{A9645C5A-DEFD-41F0-BA70-3E377D1BD55B}.Release|Any CPU.Build.0 = Release|Any CPU
		{83BCC6E2-1077-42ED-81DA-F0A7880E4AC1}.Debug|Any CPU.ActiveCfg = Debug|Any CPU
		{83BCC6E2-1077-42ED-81DA-F0A7880E4AC1}.Debug|Any CPU.Build.0 = Debug|Any CPU
		{83BCC6E2-1077-42ED-81DA-F0A7880E4AC1}.Release|Any CPU.ActiveCfg = Release|Any CPU
		{83BCC6E2-1077-42ED-81DA-F0A7880E4AC1}.Release|Any CPU.Build.0 = Release|Any CPU
		{D6B02C66-32D6-49E3-BB97-71F88C4CEE9E}.Debug|Any CPU.ActiveCfg = Debug|Any CPU
		{D6B02C66-32D6-49E3-BB97-71F88C4CEE9E}.Debug|Any CPU.Build.0 = Debug|Any CPU
		{D6B02C66-32D6-49E3-BB97-71F88C4CEE9E}.Debug|Any CPU.Deploy.0 = Debug|Any CPU
		{D6B02C66-32D6-49E3-BB97-71F88C4CEE9E}.Release|Any CPU.ActiveCfg = Release|Any CPU
		{D6B02C66-32D6-49E3-BB97-71F88C4CEE9E}.Release|Any CPU.Build.0 = Release|Any CPU
		{D6B02C66-32D6-49E3-BB97-71F88C4CEE9E}.Release|Any CPU.Deploy.0 = Release|Any CPU
		{772F38A1-FA26-4E68-AC01-DA38E7803925}.Debug|Any CPU.ActiveCfg = Debug|Any CPU
		{772F38A1-FA26-4E68-AC01-DA38E7803925}.Debug|Any CPU.Build.0 = Debug|Any CPU
		{772F38A1-FA26-4E68-AC01-DA38E7803925}.Release|Any CPU.ActiveCfg = Release|Any CPU
		{772F38A1-FA26-4E68-AC01-DA38E7803925}.Release|Any CPU.Build.0 = Release|Any CPU
	EndGlobalSection
	GlobalSection(SolutionProperties) = preSolution
		HideSolutionNode = FALSE
	EndGlobalSection
	GlobalSection(NestedProjects) = preSolution
		{95112CEE-EE68-4B83-8518-FC61E5C82980} = {0C394A7D-BCF3-48B7-BC0E-3F5694B83820}
		{F557644A-32C5-4C6C-9476-D730A71DFEA4} = {0C394A7D-BCF3-48B7-BC0E-3F5694B83820}
		{7AF00912-F1AF-4462-AF4A-E9563C8C6FF7} = {0C394A7D-BCF3-48B7-BC0E-3F5694B83820}
		{F7CE1E55-1971-449B-A353-75B47AED4B65} = {0C394A7D-BCF3-48B7-BC0E-3F5694B83820}
		{B626BB90-289B-4276-A5CD-7EF90ABB3C7B} = {0C394A7D-BCF3-48B7-BC0E-3F5694B83820}
		{FC6968BD-B56B-49C8-B370-21860703BFC2} = {0C394A7D-BCF3-48B7-BC0E-3F5694B83820}
		{5D3867CD-DCE2-4BA1-8834-0D963E573A23} = {1B2322D0-FD3A-4C4C-B673-F954B1BBB627}
		{DBD078C7-D7C7-4F01-8614-1C3219938327} = {1B2322D0-FD3A-4C4C-B673-F954B1BBB627}
		{F5304708-15AD-4855-806D-C1EF75F51723} = {317A6CEC-C355-4187-937C-E7A95AFBA7E7}
		{A9645C5A-DEFD-41F0-BA70-3E377D1BD55B} = {317A6CEC-C355-4187-937C-E7A95AFBA7E7}
		{83BCC6E2-1077-42ED-81DA-F0A7880E4AC1} = {0C2F7F96-0E30-4334-B9E3-A339990FBC7D}
		{D6B02C66-32D6-49E3-BB97-71F88C4CEE9E} = {0C2F7F96-0E30-4334-B9E3-A339990FBC7D}
		{772F38A1-FA26-4E68-AC01-DA38E7803925} = {0C2F7F96-0E30-4334-B9E3-A339990FBC7D}
	EndGlobalSection
	GlobalSection(ExtensibilityGlobals) = postSolution
		SolutionGuid = {E73FD15A-52E8-466E-811F-0E7DC11B36FA}
	EndGlobalSection
EndGlobal
